
Microsoft Visual Studio Solution File, Format Version 12.00
# Visual Studio Version 16
VisualStudioVersion = 16.0.30002.166
MinimumVisualStudioVersion = 10.0.40219.1
Project("{FAE04EC0-301F-11D3-BF4B-00C04F79EFBC}") = "PathOfPaper", "PathOfPaper.csproj", "{2E837B2D-7D2F-4D3C-AD4C-C3E790481EC4}"
EndProject
Global
	GlobalSection(SolutionConfigurationPlatforms) = preSolution
		Debug|Any CPU = Debug|Any CPU
		Release|Any CPU = Release|Any CPU
	EndGlobalSection
	GlobalSection(ProjectConfigurationPlatforms) = postSolution
		{2E837B2D-7D2F-4D3C-AD4C-C3E790481EC4}.Debug|Any CPU.ActiveCfg = Debug|Any CPU
		{2E837B2D-7D2F-4D3C-AD4C-C3E790481EC4}.Debug|Any CPU.Build.0 = Debug|Any CPU
		{2E837B2D-7D2F-4D3C-AD4C-C3E790481EC4}.Release|Any CPU.ActiveCfg = Release|Any CPU
		{2E837B2D-7D2F-4D3C-AD4C-C3E790481EC4}.Release|Any CPU.Build.0 = Release|Any CPU
	EndGlobalSection
	GlobalSection(SolutionProperties) = preSolution
		HideSolutionNode = FALSE
	EndGlobalSection
	GlobalSection(ExtensibilityGlobals) = postSolution
		SolutionGuid = {CFBE85A6-D167-4A2F-8781-04B1D805BE71}
	EndGlobalSection
EndGlobal
